
Microsoft Visual Studio Solution File, Format Version 12.00
# Visual Studio 2013
VisualStudioVersion = 12.0.30723.0
MinimumVisualStudioVersion = 10.0.40219.1
Project("{FAE04EC0-301F-11D3-BF4B-00C04F79EFBC}") = "Guestbook", "Guestbook\Guestbook.csproj", "{AAE7BE09-E9E5-4EB1-A16A-0134B95DBEC7}"
EndProject
Project("{FAE04EC0-301F-11D3-BF4B-00C04F79EFBC}") = "Domain", "Domain\Domain.csproj", "{CFBD4665-0F1A-4662-BAA3-696E801A41BC}"
EndProject
Global
	GlobalSection(SolutionConfigurationPlatforms) = preSolution
		Debug|Any CPU = Debug|Any CPU
		Release|Any CPU = Release|Any CPU
	EndGlobalSection
	GlobalSection(ProjectConfigurationPlatforms) = postSolution
		{AAE7BE09-E9E5-4EB1-A16A-0134B95DBEC7}.Debug|Any CPU.ActiveCfg = Debug|Any CPU
		{AAE7BE09-E9E5-4EB1-A16A-0134B95DBEC7}.Debug|Any CPU.Build.0 = Debug|Any CPU
		{AAE7BE09-E9E5-4EB1-A16A-0134B95DBEC7}.Release|Any CPU.ActiveCfg = Release|Any CPU
		{AAE7BE09-E9E5-4EB1-A16A-0134B95DBEC7}.Release|Any CPU.Build.0 = Release|Any CPU
		{CFBD4665-0F1A-4662-BAA3-696E801A41BC}.Debug|Any CPU.ActiveCfg = Debug|Any CPU
		{CFBD4665-0F1A-4662-BAA3-696E801A41BC}.Debug|Any CPU.Build.0 = Debug|Any CPU
		{CFBD4665-0F1A-4662-BAA3-696E801A41BC}.Release|Any CPU.ActiveCfg = Release|Any CPU
		{CFBD4665-0F1A-4662-BAA3-696E801A41BC}.Release|Any CPU.Build.0 = Release|Any CPU
	EndGlobalSection
	GlobalSection(SolutionProperties) = preSolution
		HideSolutionNode = FALSE
	EndGlobalSection
EndGlobal
